github.com/riekylesmana/edspert_tugas1_lib v1.0.0 h1:QMF52A+rrVfk/lGgRtJSzmQ/nsUR1HSjApcdtmIR3OY=
github.com/riekylesmana/edspert_tugas1_lib v1.0.0/go.mod h1:Scf5ba4l3czmIH6rTwcHScgpo+zrnzfVI2rq2ZCc+tw=
github.com/riekylesmana/edspert_tugas1_lib/v2 v2.0.0 h1:0c4fvV2vFpqsSjS6tM3lB+ygPDzAh6f2rTqUuhxMsnw=
github.com/riekylesmana/edspert_tugas1_lib/v2 v2.0.0/go.mod h1:c/+7plmbRHw2eUiv7vHHAbsYtFzNyWqw/8I3b98inEA=
